<?xml version="1.0" encoding="utf-8"?>
<Project ToolsVersion="4.0" xmlns="http://schemas.microsoft.com/developer/msbuild/2003">
  <ItemGroup>
    <Filter Include="Source Files">
      <UniqueIdentifier>{4FC737F1-C7A5-4376-A066-2A32D752A2FF}</UniqueIdentifier>
      <Extensions>cpp;c;cc;cxx;def;odl;idl;hpj;bat;asm;asmx</Extensions>
    </Filter>
    <Filter Include="Header Files">
      <UniqueIdentifier>{93995380-89BD-4b04-88EB-625FBE52EBFB}</UniqueIdentifier>
      <Extensions>h;hpp;hxx;hm;inl;inc;xsd</Extensions>
    </Filter>
    <Filter Include="Resource Files">
      <UniqueIdentifier>{67DA6AB6-F800-4c08-8B7A-83BB121AAD01}</UniqueIdentifier>
      <Extensions>rc;ico;cur;bmp;dlg;rc2;rct;bin;rgs;gif;jpg;jpeg;jpe;resx;tiff;tif;png;wav;mfcribbon-ms</Extensions>
    </Filter>
    <Filter Include="Graphic32">
      <UniqueIdentifier>{c5077763-be27-4b34-83a9-9f9c7518e995}</UniqueIdentifier>
    </Filter>
  </ItemGroup>
  <ItemGroup>
    <Text Include="ReadMe.txt" />
  </ItemGroup>
  <ItemGroup>
    <ClInclude Include="stdafx.h">
      <Filter>Header Files</Filter>
    </ClInclude>
    <ClInclude Include="targetver.h">
      <Filter>Header Files</Filter>
    </ClInclude>
    <ClInclude Include="..\GR32_System.h">
      <Filter>Graphic32</Filter>
    </ClInclude>
    <ClInclude Include="..\GR32.h">
      <Filter>Graphic32</Filter>
    </ClInclude>
    <ClInclude Include="..\GR32_Backends.h">
      <Filter>Graphic32</Filter>
    </ClInclude>
    <ClInclude Include="..\GR32_Image.h">
      <Filter>Graphic32</Filter>
    </ClInclude>
    <ClInclude Include="..\GR32_Containers.h">
      <Filter>Graphic32</Filter>
    </ClInclude>
    <ClInclude Include="..\GR32_RepaintOpt.h">
      <Filter>Graphic32</Filter>
    </ClInclude>
    <ClInclude Include="..\GR32_LowLevel.h">
      <Filter>Graphic32</Filter>
    </ClInclude>
    <ClInclude Include="..\GR32_OrdinalMaps.h">
      <Filter>Graphic32</Filter>
    </ClInclude>
    <ClInclude Include="..\GR32_Math.h">
      <Filter>Graphic32</Filter>
    </ClInclude>
    <ClInclude Include="..\GR32_MicroTiles.h">
      <Filter>Graphic32</Filter>
    </ClInclude>
    <ClInclude Include="..\GR32_Backends_Generic.h">
      <Filter>Graphic32</Filter>
    </ClInclude>
    <ClInclude Include="..\GR32_Backends_VCL.h">
      <Filter>Graphic32</Filter>
    </ClInclude>
    <ClInclude Include="..\GR32_Bindings.h">
      <Filter>Graphic32</Filter>
    </ClInclude>
    <ClInclude Include="..\GR32_Blend.h">
      <Filter>Graphic32</Filter>
    </ClInclude>
    <ClInclude Include="..\GR32_DrawingEx.h">
      <Filter>Graphic32</Filter>
    </ClInclude>
    <ClInclude Include="..\GR32_ExtImage.h">
      <Filter>Graphic32</Filter>
    </ClInclude>
    <ClInclude Include="..\GR32_Filters.h">
      <Filter>Graphic32</Filter>
    </ClInclude>
    <ClInclude Include="..\GR32_Geometry.h">
      <Filter>Graphic32</Filter>
    </ClInclude>
    <ClInclude Include="..\GR32_Layers.h">
      <Filter>Graphic32</Filter>
    </ClInclude>
    <ClInclude Include="..\GR32_Polygons.h">
      <Filter>Graphic32</Filter>
    </ClInclude>
    <ClInclude Include="..\GR32_RangeBars.h">
      <Filter>Graphic32</Filter>
    </ClInclude>
    <ClInclude Include="..\GR32_Rasterizers.h">
      <Filter>Graphic32</Filter>
    </ClInclude>
    <ClInclude Include="..\GR32_Resamplers.h">
      <Filter>Graphic32</Filter>
    </ClInclude>
    <ClInclude Include="..\GR32_Transforms.h">
      <Filter>Graphic32</Filter>
    </ClInclude>
    <ClInclude Include="..\GR32_VectorMaps.h">
      <Filter>Graphic32</Filter>
    </ClInclude>
  </ItemGroup>
  <ItemGroup>
    <ClCompile Include="stdafx.cpp">
      <Filter>Source Files</Filter>
    </ClCompile>
    <ClCompile Include="..\GR32_System.cpp">
      <Filter>Graphic32</Filter>
    </ClCompile>
    <ClCompile Include="..\GR32.cpp">
      <Filter>Graphic32</Filter>
    </ClCompile>
    <ClCompile Include="..\GR32_Backends.cpp">
      <Filter>Graphic32</Filter>
    </ClCompile>
    <ClCompile Include="..\GR32_Image.cpp">
      <Filter>Graphic32</Filter>
    </ClCompile>
    <ClCompile Include="..\GR32_Containers.cpp">
      <Filter>Graphic32</Filter>
    </ClCompile>
    <ClCompile Include="..\GR32_RepaintOpt.cpp">
      <Filter>Graphic32</Filter>
    </ClCompile>
    <ClCompile Include="..\GR32_LowLevel.cpp">
      <Filter>Graphic32</Filter>
    </ClCompile>
    <ClCompile Include="..\GR32_OrdinalMaps.cpp">
      <Filter>Graphic32</Filter>
    </ClCompile>
    <ClCompile Include="..\GR32_Math.cpp">
      <Filter>Graphic32</Filter>
    </ClCompile>
    <ClCompile Include="..\GR32_MicroTiles.cpp">
      <Filter>Graphic32</Filter>
    </ClCompile>
    <ClCompile Include="..\GR32_Backends_VCL.cpp">
      <Filter>Graphic32</Filter>
    </ClCompile>
    <ClCompile Include="..\GR32_Backends_Generic.cpp">
      <Filter>Graphic32</Filter>
    </ClCompile>
    <ClCompile Include="..\GR32_Bindings.cpp">
      <Filter>Graphic32</Filter>
    </ClCompile>
    <ClCompile Include="..\GR32_Blend.cpp">
      <Filter>Graphic32</Filter>
    </ClCompile>
    <ClCompile Include="..\GR32_DrawingEx.cpp">
      <Filter>Graphic32</Filter>
    </ClCompile>
    <ClCompile Include="..\GR32_ExtImage.cpp">
      <Filter>Graphic32</Filter>
    </ClCompile>
    <ClCompile Include="..\GR32_Filters.cpp">
      <Filter>Graphic32</Filter>
    </ClCompile>
    <ClCompile Include="..\GR32_Geometry.cpp">
      <Filter>Graphic32</Filter>
    </ClCompile>
    <ClCompile Include="..\GR32_Layers.cpp">
      <Filter>Graphic32</Filter>
    </ClCompile>
    <ClCompile Include="..\GR32_Polygons.cpp">
      <Filter>Graphic32</Filter>
    </ClCompile>
    <ClCompile Include="..\GR32_RangeBar.cpp">
      <Filter>Graphic32</Filter>
    </ClCompile>
    <ClCompile Include="..\GR32_Rasterizers.cpp">
      <Filter>Graphic32</Filter>
    </ClCompile>
    <ClCompile Include="..\GR32_Resamplers.cpp">
      <Filter>Graphic32</Filter>
    </ClCompile>
    <ClCompile Include="..\GR32_Transforms.cpp">
      <Filter>Graphic32</Filter>
    </ClCompile>
    <ClCompile Include="..\GR32_VectorMaps.cpp">
      <Filter>Graphic32</Filter>
    </ClCompile>
  </ItemGroup>
</Project>